// !$*UTF8*$!
{
	archiveVersion = 1;
	classes = {
	};
	objectVersion = 46;
	objects = {

/* Begin PBXBuildFile section */
		13B07FBC1A68108700A75B9A /* AppDelegate.mm in Sources */ = {isa = PBXBuildFile; fileRef = 13B07FB01A68108700A75B9A /* AppDelegate.mm */; };
		13B07FBF1A68108700A75B9A /* Images.xcassets in Resources */ = {isa = PBXBuildFile; fileRef = 13B07FB51A68108700A75B9A /* Images.xcassets */; };
		13B07FC11A68108700A75B9A /* main.m in Sources */ = {isa = PBXBuildFile; fileRef = 13B07FB71A68108700A75B9A /* main.m */; };
		3E461D99554A48A4959DE609 /* SplashScreen.storyboard in Resources */ = {isa = PBXBuildFile; fileRef = AA286B85B6C04FC6940260E9 /* SplashScreen.storyboard */; };
		96905EF65AED1B983A6B3ABC /* libPods-Enovation.a in Frameworks */ = {isa = PBXBuildFile; fileRef = 58EEBF8E8E6FB1BC6CAF49B5 /* libPods-Enovation.a */; };
		B18059E884C0ABDD17F3DC3D /* ExpoModulesProvider.swift in Sources */ = {isa = PBXBuildFile; fileRef = FAC715A2D49A985799AEE119 /* ExpoModulesProvider.swift */; };
		BB2F792D24A3F905000567C9 /* Expo.plist in Resources */ = {isa = PBXBuildFile; fileRef = BB2F792C24A3F905000567C9 /* Expo.plist */; };
		EC16A2EBBE6A41979AEE2035 /* noop-file.swift in Sources */ = {isa = PBXBuildFile; fileRef = 038F48D36DD94E57B3FCDA55 /* noop-file.swift */; };
		F82538B0FBAB49F0AAA98FBB /* NotificationService.h in Resources */ = {isa = PBXBuildFile; fileRef = 42DC0D407C114BBEA06AE7ED /* NotificationService.h */; };
		F41CBC34E3FF47A1ACF616F7 /* OneSignalNotificationServiceExtension.entitlements in Resources */ = {isa = PBXBuildFile; fileRef = 30F792550DAA4275A249F3B1 /* OneSignalNotificationServiceExtension.entitlements */; };
		F48B526C0AB94FC698B29457 /* OneSignalNotificationServiceExtension-Info.plist in Resources */ = {isa = PBXBuildFile; fileRef = AE11755E2C5945A2B76BA907 /* OneSignalNotificationServiceExtension-Info.plist */; };
		3B05AC03D2FD44A9ADA3FE79 /* NotificationService.m in Sources */ = {isa = PBXBuildFile; fileRef = 6FA60835FFBE430C9DA803B8 /* NotificationService.m */; };
		2280236A7E3046BFBB19D554 /* OneSignalNotificationServiceExtension.appex in Copy Files */ = {isa = PBXBuildFile; fileRef = 53D72DFEDE904E39AE77E8EC /* OneSignalNotificationServiceExtension.appex */; };
		524DD5F9274E4058883F6E51 /* OneSignalNotificationServiceExtension.appex in Copy Files */ = {isa = PBXBuildFile; fileRef = 178827AC31254EB6AAD1D265 /* OneSignalNotificationServiceExtension.appex */; };
		344F095DD9B94CFB8C01C979 /* OneSignalNotificationServiceExtension.appex in Copy Files */ = {isa = PBXBuildFile; fileRef = AF31439C156443FCAE696C71 /* OneSignalNotificationServiceExtension.appex */; };
		A60862E3D9E843D69C5B9A08 /* OneSignalNotificationServiceExtension.appex in Copy Files */ = {isa = PBXBuildFile; fileRef = 4D781E84ED984C379EF2E2E1 /* OneSignalNotificationServiceExtension.appex */; };
		DE6F7D249E89457BB7F8D243 /* OneSignalNotificationServiceExtension.appex in Copy Files */ = {isa = PBXBuildFile; fileRef = D6386E93A6EA40A5AD9DDE01 /* OneSignalNotificationServiceExtension.appex */; };
/* End PBXBuildFile section */

/* Begin PBXFileReference section */
		008F07F21AC5B25A0029DE68 /* main.jsbundle */ = {isa = PBXFileReference; fileEncoding = 4; lastKnownFileType = text; path = main.jsbundle; sourceTree = "<group>"; };
		13B07F961A680F5B00A75B9A /* Enovation.app */ = {isa = PBXFileReference; explicitFileType = wrapper.application; includeInIndex = 0; path = Enovation.app; sourceTree = BUILT_PRODUCTS_DIR; };
		13B07FAF1A68108700A75B9A /* AppDelegate.h */ = {isa = PBXFileReference; fileEncoding = 4; lastKnownFileType = sourcecode.c.h; name = AppDelegate.h; path = Enovation/AppDelegate.h; sourceTree = "<group>"; };
		13B07FB01A68108700A75B9A /* AppDelegate.mm */ = {isa = PBXFileReference; fileEncoding = 4; lastKnownFileType = sourcecode.cpp.objcpp; name = AppDelegate.mm; path = Enovation/AppDelegate.mm; sourceTree = "<group>"; };
		13B07FB51A68108700A75B9A /* Images.xcassets */ = {isa = PBXFileReference; lastKnownFileType = folder.assetcatalog; name = Images.xcassets; path = Enovation/Images.xcassets; sourceTree = "<group>"; };
		13B07FB61A68108700A75B9A /* Info.plist */ = {isa = PBXFileReference; fileEncoding = 4; lastKnownFileType = text.plist.xml; name = Info.plist; path = Enovation/Info.plist; sourceTree = "<group>"; };
		13B07FB71A68108700A75B9A /* main.m */ = {isa = PBXFileReference; fileEncoding = 4; lastKnownFileType = sourcecode.c.objc; name = main.m; path = Enovation/main.m; sourceTree = "<group>"; };
		58EEBF8E8E6FB1BC6CAF49B5 /* libPods-Enovation.a */ = {isa = PBXFileReference; explicitFileType = archive.ar; includeInIndex = 0; path = "libPods-Enovation.a"; sourceTree = BUILT_PRODUCTS_DIR; };
		6C2E3173556A471DD304B334 /* Pods-Enovation.debug.xcconfig */ = {isa = PBXFileReference; includeInIndex = 1; lastKnownFileType = text.xcconfig; name = "Pods-Enovation.debug.xcconfig"; path = "Target Support Files/Pods-Enovation/Pods-Enovation.debug.xcconfig"; sourceTree = "<group>"; };
		7A4D352CD337FB3A3BF06240 /* Pods-Enovation.release.xcconfig */ = {isa = PBXFileReference; includeInIndex = 1; lastKnownFileType = text.xcconfig; name = "Pods-Enovation.release.xcconfig"; path = "Target Support Files/Pods-Enovation/Pods-Enovation.release.xcconfig"; sourceTree = "<group>"; };
		AA286B85B6C04FC6940260E9 /* SplashScreen.storyboard */ = {isa = PBXFileReference; fileEncoding = 4; lastKnownFileType = file.storyboard; name = SplashScreen.storyboard; path = Enovation/SplashScreen.storyboard; sourceTree = "<group>"; };
		BB2F792C24A3F905000567C9 /* Expo.plist */ = {isa = PBXFileReference; fileEncoding = 4; lastKnownFileType = text.plist.xml; path = Expo.plist; sourceTree = "<group>"; };
		ED297162215061F000B7C4FE /* JavaScriptCore.framework */ = {isa = PBXFileReference; lastKnownFileType = wrapper.framework; name = JavaScriptCore.framework; path = System/Library/Frameworks/JavaScriptCore.framework; sourceTree = SDKROOT; };
		FAC715A2D49A985799AEE119 /* ExpoModulesProvider.swift */ = {isa = PBXFileReference; includeInIndex = 1; lastKnownFileType = sourcecode.swift; name = ExpoModulesProvider.swift; path = "Pods/Target Support Files/Pods-Enovation/ExpoModulesProvider.swift"; sourceTree = "<group>"; };
		038F48D36DD94E57B3FCDA55 /* noop-file.swift */ = {isa = PBXFileReference; name = "noop-file.swift"; path = "Enovation/noop-file.swift"; sourceTree = "<group>"; fileEncoding = 4; lastKnownFileType = sourcecode.swift; explicitFileType = undefined; includeInIndex = 0; };
		42DC0D407C114BBEA06AE7ED /* NotificationService.h */ = {isa = PBXFileReference; name = "NotificationService.h"; path = "NotificationService.h"; sourceTree = "<group>"; fileEncoding = 4; lastKnownFileType = sourcecode.c.h; explicitFileType = undefined; includeInIndex = 0; };
		30F792550DAA4275A249F3B1 /* OneSignalNotificationServiceExtension.entitlements */ = {isa = PBXFileReference; name = "OneSignalNotificationServiceExtension.entitlements"; path = "OneSignalNotificationServiceExtension.entitlements"; sourceTree = "<group>"; fileEncoding = undefined; lastKnownFileType = unknown; explicitFileType = undefined; includeInIndex = 0; };
		AE11755E2C5945A2B76BA907 /* OneSignalNotificationServiceExtension-Info.plist */ = {isa = PBXFileReference; name = "OneSignalNotificationServiceExtension-Info.plist"; path = "OneSignalNotificationServiceExtension-Info.plist"; sourceTree = "<group>"; fileEncoding = 4; lastKnownFileType = text.plist.xml; explicitFileType = undefined; includeInIndex = 0; };
		6FA60835FFBE430C9DA803B8 /* NotificationService.m */ = {isa = PBXFileReference; name = "NotificationService.m"; path = "NotificationService.m"; sourceTree = "<group>"; fileEncoding = 4; lastKnownFileType = sourcecode.c.objc; explicitFileType = undefined; includeInIndex = 0; };
		53D72DFEDE904E39AE77E8EC /* OneSignalNotificationServiceExtension.appex */ = {isa = PBXFileReference; name = "OneSignalNotificationServiceExtension.appex"; path = "OneSignalNotificationServiceExtension.appex"; sourceTree = BUILT_PRODUCTS_DIR; fileEncoding = undefined; lastKnownFileType = undefined; explicitFileType = "wrapper.app-extension"; includeInIndex = 0; };
		178827AC31254EB6AAD1D265 /* OneSignalNotificationServiceExtension.appex */ = {isa = PBXFileReference; name = "OneSignalNotificationServiceExtension.appex"; path = "OneSignalNotificationServiceExtension.appex"; sourceTree = BUILT_PRODUCTS_DIR; fileEncoding = undefined; lastKnownFileType = undefined; explicitFileType = "wrapper.app-extension"; includeInIndex = 0; };
		AF31439C156443FCAE696C71 /* OneSignalNotificationServiceExtension.appex */ = {isa = PBXFileReference; name = "OneSignalNotificationServiceExtension.appex"; path = "OneSignalNotificationServiceExtension.appex"; sourceTree = BUILT_PRODUCTS_DIR; fileEncoding = undefined; lastKnownFileType = undefined; explicitFileType = "wrapper.app-extension"; includeInIndex = 0; };
		4D781E84ED984C379EF2E2E1 /* OneSignalNotificationServiceExtension.appex */ = {isa = PBXFileReference; name = "OneSignalNotificationServiceExtension.appex"; path = "OneSignalNotificationServiceExtension.appex"; sourceTree = BUILT_PRODUCTS_DIR; fileEncoding = undefined; lastKnownFileType = undefined; explicitFileType = "wrapper.app-extension"; includeInIndex = 0; };
		D6386E93A6EA40A5AD9DDE01 /* OneSignalNotificationServiceExtension.appex */ = {isa = PBXFileReference; name = "OneSignalNotificationServiceExtension.appex"; path = "OneSignalNotificationServiceExtension.appex"; sourceTree = BUILT_PRODUCTS_DIR; fileEncoding = undefined; lastKnownFileType = undefined; explicitFileType = "wrapper.app-extension"; includeInIndex = 0; };
/* End PBXFileReference section */

/* Begin PBXFrameworksBuildPhase section */
		13B07F8C1A680F5B00A75B9A /* Frameworks */ = {
			isa = PBXFrameworksBuildPhase;
			buildActionMask = 2147483647;
			files = (
				96905EF65AED1B983A6B3ABC /* libPods-Enovation.a in Frameworks */,
			);
			runOnlyForDeploymentPostprocessing = 0;
		};
		C1932EB3CB53432B91C3178F /* Frameworks */ = {
			isa = PBXFrameworksBuildPhase;
			buildActionMask = 2147483647;
			files = (
			);
			runOnlyForDeploymentPostprocessing = 0;
		};
		107D8B34F1EC48F48AE94ECD /* Frameworks */ = {
			isa = PBXFrameworksBuildPhase;
			buildActionMask = 2147483647;
			files = (
			);
			runOnlyForDeploymentPostprocessing = 0;
		};
		FF4661CC683E4793AFCD11F5 /* Frameworks */ = {
			isa = PBXFrameworksBuildPhase;
			buildActionMask = 2147483647;
			files = (
			);
			runOnlyForDeploymentPostprocessing = 0;
		};
		858A48040FED420AB09B1F17 /* Frameworks */ = {
			isa = PBXFrameworksBuildPhase;
			buildActionMask = 2147483647;
			files = (
			);
			runOnlyForDeploymentPostprocessing = 0;
		};
		8CF5EBA518B84DCCA83F9D6D /* Frameworks */ = {
			isa = PBXFrameworksBuildPhase;
			buildActionMask = 2147483647;
			files = (
			);
			runOnlyForDeploymentPostprocessing = 0;
		};
/* End PBXFrameworksBuildPhase section */

/* Begin PBXGroup section */
		13B07FAE1A68108700A75B9A /* Enovation */ = {
			isa = PBXGroup;
			children = (
				BB2F792B24A3F905000567C9 /* Supporting */,
				008F07F21AC5B25A0029DE68 /* main.jsbundle */,
				13B07FAF1A68108700A75B9A /* AppDelegate.h */,
				13B07FB01A68108700A75B9A /* AppDelegate.mm */,
				13B07FB51A68108700A75B9A /* Images.xcassets */,
				13B07FB61A68108700A75B9A /* Info.plist */,
				13B07FB71A68108700A75B9A /* main.m */,
				AA286B85B6C04FC6940260E9 /* SplashScreen.storyboard */,
				038F48D36DD94E57B3FCDA55 /* noop-file.swift */,
			);
			name = Enovation;
			sourceTree = "<group>";
		};
		2D16E6871FA4F8E400B85C8A /* Frameworks */ = {
			isa = PBXGroup;
			children = (
				ED297162215061F000B7C4FE /* JavaScriptCore.framework */,
				58EEBF8E8E6FB1BC6CAF49B5 /* libPods-Enovation.a */,
			);
			name = Frameworks;
			sourceTree = "<group>";
		};
		832341AE1AAA6A7D00B99B32 /* Libraries */ = {
			isa = PBXGroup;
			children = (
			);
			name = Libraries;
			sourceTree = "<group>";
		};
		83CBB9F61A601CBA00E9B192 = {
			isa = PBXGroup;
			children = (
				13B07FAE1A68108700A75B9A /* Enovation */,
				832341AE1AAA6A7D00B99B32 /* Libraries */,
				83CBBA001A601CBA00E9B192 /* Products */,
				2D16E6871FA4F8E400B85C8A /* Frameworks */,
				D65327D7A22EEC0BE12398D9 /* Pods */,
				D7E4C46ADA2E9064B798F356 /* ExpoModulesProviders */,
				BCCCB73097B348758363FDA6 /* OneSignalNotificationServiceExtension */,
				78CA41E3C32848778EAF4A41 /* OneSignalNotificationServiceExtension */,
				C87D6832BB5B4A21AF3EF9C4 /* OneSignalNotificationServiceExtension */,
				B148F8F5B7AE482D9340BAFF /* OneSignalNotificationServiceExtension */,
				2154C1EE6C7B4C2FAF6E2E53 /* OneSignalNotificationServiceExtension */,
			);
			indentWidth = 2;
			sourceTree = "<group>";
			tabWidth = 2;
			usesTabs = 0;
		};
		83CBBA001A601CBA00E9B192 /* Products */ = {
			isa = PBXGroup;
			children = (
				13B07F961A680F5B00A75B9A /* Enovation.app */,
				53D72DFEDE904E39AE77E8EC /* OneSignalNotificationServiceExtension.appex */,
				178827AC31254EB6AAD1D265 /* OneSignalNotificationServiceExtension.appex */,
				AF31439C156443FCAE696C71 /* OneSignalNotificationServiceExtension.appex */,
				4D781E84ED984C379EF2E2E1 /* OneSignalNotificationServiceExtension.appex */,
				D6386E93A6EA40A5AD9DDE01 /* OneSignalNotificationServiceExtension.appex */,
			);
			name = Products;
			sourceTree = "<group>";
		};
		92DBD88DE9BF7D494EA9DA96 /* Enovation */ = {
			isa = PBXGroup;
			children = (
				FAC715A2D49A985799AEE119 /* ExpoModulesProvider.swift */,
			);
			name = Enovation;
			sourceTree = "<group>";
		};
		BB2F792B24A3F905000567C9 /* Supporting */ = {
			isa = PBXGroup;
			children = (
				BB2F792C24A3F905000567C9 /* Expo.plist */,
			);
			name = Supporting;
			path = Enovation/Supporting;
			sourceTree = "<group>";
		};
		D65327D7A22EEC0BE12398D9 /* Pods */ = {
			isa = PBXGroup;
			children = (
				6C2E3173556A471DD304B334 /* Pods-Enovation.debug.xcconfig */,
				7A4D352CD337FB3A3BF06240 /* Pods-Enovation.release.xcconfig */,
				BCCCB73097B348758363FDA6 /* OneSignalNotificationServiceExtension */,
				78CA41E3C32848778EAF4A41 /* OneSignalNotificationServiceExtension */,
				C87D6832BB5B4A21AF3EF9C4 /* OneSignalNotificationServiceExtension */,
				B148F8F5B7AE482D9340BAFF /* OneSignalNotificationServiceExtension */,
				2154C1EE6C7B4C2FAF6E2E53 /* OneSignalNotificationServiceExtension */,
			);
			path = Pods;
			sourceTree = "<group>";
		};
		D7E4C46ADA2E9064B798F356 /* ExpoModulesProviders */ = {
			isa = PBXGroup;
			children = (
				92DBD88DE9BF7D494EA9DA96 /* Enovation */,
			);
			name = ExpoModulesProviders;
			sourceTree = "<group>";
		};
		BCCCB73097B348758363FDA6 /* OneSignalNotificationServiceExtension */ = {
			isa = PBXGroup;
			children = (
				42DC0D407C114BBEA06AE7ED /* NotificationService.h */,
				30F792550DAA4275A249F3B1 /* OneSignalNotificationServiceExtension.entitlements */,
				AE11755E2C5945A2B76BA907 /* OneSignalNotificationServiceExtension-Info.plist */,
				6FA60835FFBE430C9DA803B8 /* NotificationService.m */,
			);
			name = OneSignalNotificationServiceExtension;
			path = OneSignalNotificationServiceExtension;
			sourceTree = "<group>";
		};
		78CA41E3C32848778EAF4A41 /* OneSignalNotificationServiceExtension */ = {
			isa = PBXGroup;
			children = (
				42DC0D407C114BBEA06AE7ED /* NotificationService.h */,
				30F792550DAA4275A249F3B1 /* OneSignalNotificationServiceExtension.entitlements */,
				AE11755E2C5945A2B76BA907 /* OneSignalNotificationServiceExtension-Info.plist */,
				6FA60835FFBE430C9DA803B8 /* NotificationService.m */,
			);
			name = OneSignalNotificationServiceExtension;
			path = OneSignalNotificationServiceExtension;
			sourceTree = "<group>";
		};
		C87D6832BB5B4A21AF3EF9C4 /* OneSignalNotificationServiceExtension */ = {
			isa = PBXGroup;
			children = (
				42DC0D407C114BBEA06AE7ED /* NotificationService.h */,
				30F792550DAA4275A249F3B1 /* OneSignalNotificationServiceExtension.entitlements */,
				AE11755E2C5945A2B76BA907 /* OneSignalNotificationServiceExtension-Info.plist */,
				6FA60835FFBE430C9DA803B8 /* NotificationService.m */,
			);
			name = OneSignalNotificationServiceExtension;
			path = OneSignalNotificationServiceExtension;
			sourceTree = "<group>";
		};
		B148F8F5B7AE482D9340BAFF /* OneSignalNotificationServiceExtension */ = {
			isa = PBXGroup;
			children = (
				42DC0D407C114BBEA06AE7ED /* NotificationService.h */,
				30F792550DAA4275A249F3B1 /* OneSignalNotificationServiceExtension.entitlements */,
				AE11755E2C5945A2B76BA907 /* OneSignalNotificationServiceExtension-Info.plist */,
				6FA60835FFBE430C9DA803B8 /* NotificationService.m */,
			);
			name = OneSignalNotificationServiceExtension;
			path = OneSignalNotificationServiceExtension;
			sourceTree = "<group>";
		};
		2154C1EE6C7B4C2FAF6E2E53 /* OneSignalNotificationServiceExtension */ = {
			isa = PBXGroup;
			children = (
				42DC0D407C114BBEA06AE7ED /* NotificationService.h */,
				30F792550DAA4275A249F3B1 /* OneSignalNotificationServiceExtension.entitlements */,
				AE11755E2C5945A2B76BA907 /* OneSignalNotificationServiceExtension-Info.plist */,
				6FA60835FFBE430C9DA803B8 /* NotificationService.m */,
			);
			name = OneSignalNotificationServiceExtension;
			path = OneSignalNotificationServiceExtension;
			sourceTree = "<group>";
		};
/* End PBXGroup section */

/* Begin PBXNativeTarget section */
		13B07F861A680F5B00A75B9A /* Enovation */ = {
			isa = PBXNativeTarget;
			buildConfigurationList = 13B07F931A680F5B00A75B9A /* Build configuration list for PBXNativeTarget "Enovation" */;
			buildPhases = (
				08A4A3CD28434E44B6B9DE2E /* [CP] Check Pods Manifest.lock */,
				FD10A7F022414F080027D42C /* Start Packager */,
				13B07F871A680F5B00A75B9A /* Sources */,
				13B07F8C1A680F5B00A75B9A /* Frameworks */,
				13B07F8E1A680F5B00A75B9A /* Resources */,
				00DD1BFF1BD5951E006B06BC /* Bundle React Native code and images */,
				800E24972A6A228C8D4807E9 /* [CP] Copy Pods Resources */,
				81505332CA8C44A39D9DB5D6 /* Copy Files */,
				59455C5492374297806E368B /* Copy Files */,
				E58A0D66E8C94A0CBBAC4883 /* Copy Files */,
				145D8D0867664FBAA3A5505D /* Copy Files */,
				E5C414CCBA8A419CA3933276 /* Copy Files */,
			);
			buildRules = (
			);
			dependencies = (
				0B5E70F642674F24BF4F881D /* PBXTargetDependency */,
				DA754F0BBBFB4149B7FDBAB9 /* PBXTargetDependency */,
				FD66AD23309F4BEAABEE5A05 /* PBXTargetDependency */,
				E3EB971DD80A46ED8EEA315C /* PBXTargetDependency */,
				2599F2C53B864518A59D9CF2 /* PBXTargetDependency */,
			);
			name = Enovation;
			productName = Enovation;
			productReference = 13B07F961A680F5B00A75B9A /* Enovation.app */;
			productType = "com.apple.product-type.application";
		};
		E998817EDCE5487BBF82B6E1 /* "OneSignalNotificationServiceExtension" */ = {
			isa = PBXNativeTarget;
			name = "OneSignalNotificationServiceExtension";
			productName = "OneSignalNotificationServiceExtension";
			productReference = 53D72DFEDE904E39AE77E8EC;
			productType = "com.apple.product-type.app-extension";
			buildConfigurationList = 4F817CBACC5F490FBAB69746;
			buildPhases = (
				3B4521CB324D4F2683220224 /* Sources */,
				356498E5E15A436B92AF34AD /* Resources */,
				C1932EB3CB53432B91C3178F /* Frameworks */,
			);
			buildRules = (
			);
			dependencies = (
			);
		};
		F62EA708DB734AA8ABA024CD /* "OneSignalNotificationServiceExtension" */ = {
			isa = PBXNativeTarget;
			name = "OneSignalNotificationServiceExtension";
			productName = "OneSignalNotificationServiceExtension";
			productReference = 178827AC31254EB6AAD1D265;
			productType = "com.apple.product-type.app-extension";
			buildConfigurationList = D1D5AB3FF0C24EEFB6759A7F;
			buildPhases = (
				6AEB0EFE23CE410E9CE40815 /* Sources */,
				64E628E9E7A94D9692AEBBF6 /* Resources */,
				107D8B34F1EC48F48AE94ECD /* Frameworks */,
			);
			buildRules = (
			);
			dependencies = (
			);
		};
		0BF41E63F4804F528C106B40 /* "OneSignalNotificationServiceExtension" */ = {
			isa = PBXNativeTarget;
			name = "OneSignalNotificationServiceExtension";
			productName = "OneSignalNotificationServiceExtension";
			productReference = AF31439C156443FCAE696C71;
			productType = "com.apple.product-type.app-extension";
			buildConfigurationList = 745F30326542413598090BCB;
			buildPhases = (
				D6A960DD0DD54294AA4B7C3A /* Sources */,
				707EE07CB3304DF8B2CD851B /* Resources */,
				FF4661CC683E4793AFCD11F5 /* Frameworks */,
			);
			buildRules = (
			);
			dependencies = (
			);
		};
		84752DB8781A4CA49B0091F4 /* "OneSignalNotificationServiceExtension" */ = {
			isa = PBXNativeTarget;
			name = "OneSignalNotificationServiceExtension";
			productName = "OneSignalNotificationServiceExtension";
			productReference = 4D781E84ED984C379EF2E2E1;
			productType = "com.apple.product-type.app-extension";
			buildConfigurationList = 0B5A2DE68F1A4069A6265F52;
			buildPhases = (
				C5FA5A31D85F402C945DAF87 /* Sources */,
				B967A331DEB948AEB7B80036 /* Resources */,
				858A48040FED420AB09B1F17 /* Frameworks */,
			);
			buildRules = (
			);
			dependencies = (
			);
		};
		9DAF3B73A08C40D799C6398C /* "OneSignalNotificationServiceExtension" */ = {
			isa = PBXNativeTarget;
			name = "OneSignalNotificationServiceExtension";
			productName = "OneSignalNotificationServiceExtension";
			productReference = D6386E93A6EA40A5AD9DDE01;
			productType = "com.apple.product-type.app-extension";
			buildConfigurationList = 42EE48E4A2BD4A42AB78F096;
			buildPhases = (
				89999FC63B174BE5B23233C6 /* Sources */,
				AAC1F780761742D890FBED8B /* Resources */,
				8CF5EBA518B84DCCA83F9D6D /* Frameworks */,
			);
			buildRules = (
			);
			dependencies = (
			);
		};
/* End PBXNativeTarget section */

/* Begin PBXProject section */
		83CBB9F71A601CBA00E9B192 /* Project object */ = {
			isa = PBXProject;
			attributes = {
				LastUpgradeCheck = 1130;
				TargetAttributes = {
					13B07F861A680F5B00A75B9A = {
						LastSwiftMigration = 1250;
						DevelopmentTeam = undefined;
					};
					E998817EDCE5487BBF82B6E1 = {
						DevelopmentTeam = undefined;
					};
					F62EA708DB734AA8ABA024CD = {
						DevelopmentTeam = undefined;
					};
					0BF41E63F4804F528C106B40 = {
						DevelopmentTeam = undefined;
					};
					84752DB8781A4CA49B0091F4 = {
						DevelopmentTeam = undefined;
					};
					9DAF3B73A08C40D799C6398C = {
						DevelopmentTeam = undefined;
					};
				};
			};
			buildConfigurationList = 83CBB9FA1A601CBA00E9B192 /* Build configuration list for PBXProject "Enovation" */;
			compatibilityVersion = "Xcode 3.2";
			developmentRegion = en;
			hasScannedForEncodings = 0;
			knownRegions = (
				en,
				Base,
			);
			mainGroup = 83CBB9F61A601CBA00E9B192;
			productRefGroup = 83CBBA001A601CBA00E9B192 /* Products */;
			projectDirPath = "";
			projectRoot = "";
			targets = (
				13B07F861A680F5B00A75B9A /* Enovation */,
				E998817EDCE5487BBF82B6E1 /* "OneSignalNotificationServiceExtension" */,
				F62EA708DB734AA8ABA024CD /* "OneSignalNotificationServiceExtension" */,
				0BF41E63F4804F528C106B40 /* "OneSignalNotificationServiceExtension" */,
				84752DB8781A4CA49B0091F4 /* "OneSignalNotificationServiceExtension" */,
				9DAF3B73A08C40D799C6398C /* "OneSignalNotificationServiceExtension" */,
			);
		};
/* End PBXProject section */

/* Begin PBXResourcesBuildPhase section */
		13B07F8E1A680F5B00A75B9A /* Resources */ = {
			isa = PBXResourcesBuildPhase;
			buildActionMask = 2147483647;
			files = (
				BB2F792D24A3F905000567C9 /* Expo.plist in Resources */,
				13B07FBF1A68108700A75B9A /* Images.xcassets in Resources */,
				3E461D99554A48A4959DE609 /* SplashScreen.storyboard in Resources */,
			);
			runOnlyForDeploymentPostprocessing = 0;
		};
		356498E5E15A436B92AF34AD /* Resources */ = {
			isa = PBXResourcesBuildPhase;
			buildActionMask = 2147483647;
			files = (
			);
			runOnlyForDeploymentPostprocessing = 0;
		};
		64E628E9E7A94D9692AEBBF6 /* Resources */ = {
			isa = PBXResourcesBuildPhase;
			buildActionMask = 2147483647;
			files = (
			);
			runOnlyForDeploymentPostprocessing = 0;
		};
		707EE07CB3304DF8B2CD851B /* Resources */ = {
			isa = PBXResourcesBuildPhase;
			buildActionMask = 2147483647;
			files = (
			);
			runOnlyForDeploymentPostprocessing = 0;
		};
		B967A331DEB948AEB7B80036 /* Resources */ = {
			isa = PBXResourcesBuildPhase;
			buildActionMask = 2147483647;
			files = (
			);
			runOnlyForDeploymentPostprocessing = 0;
		};
		AAC1F780761742D890FBED8B /* Resources */ = {
			isa = PBXResourcesBuildPhase;
			buildActionMask = 2147483647;
			files = (
			);
			runOnlyForDeploymentPostprocessing = 0;
		};
/* End PBXResourcesBuildPhase section */

/* Begin PBXShellScriptBuildPhase section */
		00DD1BFF1BD5951E006B06BC /* Bundle React Native code and images */ = {
			isa = PBXShellScriptBuildPhase;
			buildActionMask = 2147483647;
			files = (
			);
			inputPaths = (
			);
			name = "Bundle React Native code and images";
			outputPaths = (
			);
			runOnlyForDeploymentPostprocessing = 0;
			shellPath = /bin/sh;
			shellScript = "if [[ -f \"$PODS_ROOT/../.xcode.env\" ]]; then\n  source \"$PODS_ROOT/../.xcode.env\"\nfi\nif [[ -f \"$PODS_ROOT/../.xcode.env.local\" ]]; then\n  source \"$PODS_ROOT/../.xcode.env.local\"\nfi\n\n# The project root by default is one level up from the ios directory\nexport PROJECT_ROOT=\"$PROJECT_DIR\"/..\n\nif [[ \"$CONFIGURATION\" = *Debug* ]]; then\n  export SKIP_BUNDLING=1\nfi\nif [[ -z \"$ENTRY_FILE\" ]]; then\n  # Set the entry JS file using the bundler's entry resolution.\n  export ENTRY_FILE=\"$(\"$NODE_BINARY\" -e \"require('expo/scripts/resolveAppEntry')\" $PROJECT_ROOT ios relative | tail -n 1)\"\nfi\n\n`\"$NODE_BINARY\" --print \"require('path').dirname(require.resolve('react-native/package.json')) + '/scripts/react-native-xcode.sh'\"`\n\n";
		};
		08A4A3CD28434E44B6B9DE2E /* [CP] Check Pods Manifest.lock */ = {
			isa = PBXShellScriptBuildPhase;
			buildActionMask = 2147483647;
			files = (
			);
			inputFileListPaths = (
			);
			inputPaths = (
				"${PODS_PODFILE_DIR_PATH}/Podfile.lock",
				"${PODS_ROOT}/Manifest.lock",
			);
			name = "[CP] Check Pods Manifest.lock";
			outputFileListPaths = (
			);
			outputPaths = (
				"$(DERIVED_FILE_DIR)/Pods-Enovation-checkManifestLockResult.txt",
			);
			runOnlyForDeploymentPostprocessing = 0;
			shellPath = /bin/sh;
			shellScript = "diff \"${PODS_PODFILE_DIR_PATH}/Podfile.lock\" \"${PODS_ROOT}/Manifest.lock\" > /dev/null\nif [ $? != 0 ] ; then\n    # print error to STDERR\n    echo \"error: The sandbox is not in sync with the Podfile.lock. Run 'pod install' or update your CocoaPods installation.\" >&2\n    exit 1\nfi\n# This output is used by Xcode 'outputs' to avoid re-running this script phase.\necho \"SUCCESS\" > \"${SCRIPT_OUTPUT_FILE_0}\"\n";
			showEnvVarsInLog = 0;
		};
		800E24972A6A228C8D4807E9 /* [CP] Copy Pods Resources */ = {
			isa = PBXShellScriptBuildPhase;
			buildActionMask = 2147483647;
			files = (
			);
			inputPaths = (
				"${PODS_ROOT}/Target Support Files/Pods-Enovation/Pods-Enovation-resources.sh",
				"${PODS_CONFIGURATION_BUILD_DIR}/EXConstants/EXConstants.bundle",
				"${PODS_CONFIGURATION_BUILD_DIR}/EXUpdates/EXUpdates.bundle",
				"${PODS_CONFIGURATION_BUILD_DIR}/React-Core/AccessibilityResources.bundle",
			);
			name = "[CP] Copy Pods Resources";
			outputPaths = (
				"${TARGET_BUILD_DIR}/${UNLOCALIZED_RESOURCES_FOLDER_PATH}/EXConstants.bundle",
				"${TARGET_BUILD_DIR}/${UNLOCALIZED_RESOURCES_FOLDER_PATH}/EXUpdates.bundle",
				"${TARGET_BUILD_DIR}/${UNLOCALIZED_RESOURCES_FOLDER_PATH}/AccessibilityResources.bundle",
			);
			runOnlyForDeploymentPostprocessing = 0;
			shellPath = /bin/sh;
			shellScript = "\"${PODS_ROOT}/Target Support Files/Pods-Enovation/Pods-Enovation-resources.sh\"\n";
			showEnvVarsInLog = 0;
		};
		FD10A7F022414F080027D42C /* Start Packager */ = {
			isa = PBXShellScriptBuildPhase;
			buildActionMask = 2147483647;
			files = (
			);
			inputFileListPaths = (
			);
			inputPaths = (
			);
			name = "Start Packager";
			outputFileListPaths = (
			);
			outputPaths = (
			);
			runOnlyForDeploymentPostprocessing = 0;
			shellPath = /bin/sh;
			shellScript = "if [[ -f \"$PODS_ROOT/../.xcode.env\" ]]; then\n  source \"$PODS_ROOT/../.xcode.env\"\nfi\nif [[ -f \"$PODS_ROOT/../.xcode.env.local\" ]]; then\n  source \"$PODS_ROOT/../.xcode.env.local\"\nfi\n\nexport RCT_METRO_PORT=\"${RCT_METRO_PORT:=8081}\"\necho \"export RCT_METRO_PORT=${RCT_METRO_PORT}\" > `$NODE_BINARY --print \"require('path').dirname(require.resolve('react-native/package.json')) + '/scripts/.packager.env'\"`\nif [ -z \"${RCT_NO_LAUNCH_PACKAGER+xxx}\" ] ; then\n  if nc -w 5 -z localhost ${RCT_METRO_PORT} ; then\n    if ! curl -s \"http://localhost:${RCT_METRO_PORT}/status\" | grep -q \"packager-status:running\" ; then\n      echo \"Port ${RCT_METRO_PORT} already in use, packager is either not running or not running correctly\"\n      exit 2\n    fi\n  else\n    open `$NODE_BINARY --print \"require('path').dirname(require.resolve('react-native/package.json')) + '/scripts/launchPackager.command'\"` || echo \"Can't start packager automatically\"\n  fi\nfi\n";
			showEnvVarsInLog = 0;
		};
/* End PBXShellScriptBuildPhase section */

/* Begin PBXSourcesBuildPhase section */
		13B07F871A680F5B00A75B9A /* Sources */ = {
			isa = PBXSourcesBuildPhase;
			buildActionMask = 2147483647;
			files = (
				13B07FBC1A68108700A75B9A /* AppDelegate.mm in Sources */,
				13B07FC11A68108700A75B9A /* main.m in Sources */,
				B18059E884C0ABDD17F3DC3D /* ExpoModulesProvider.swift in Sources */,
				EC16A2EBBE6A41979AEE2035 /* noop-file.swift in Sources */,
			);
			runOnlyForDeploymentPostprocessing = 0;
		};
		3B4521CB324D4F2683220224 /* Sources */ = {
			isa = PBXSourcesBuildPhase;
			buildActionMask = 2147483647;
			files = (
				3B05AC03D2FD44A9ADA3FE79 /* "NotificationService.m" in Sources */,
			);
			runOnlyForDeploymentPostprocessing = 0;
		};
		6AEB0EFE23CE410E9CE40815 /* Sources */ = {
			isa = PBXSourcesBuildPhase;
			buildActionMask = 2147483647;
			files = (
				3B05AC03D2FD44A9ADA3FE79 /* "NotificationService.m" in Sources */,
			);
			runOnlyForDeploymentPostprocessing = 0;
		};
		D6A960DD0DD54294AA4B7C3A /* Sources */ = {
			isa = PBXSourcesBuildPhase;
			buildActionMask = 2147483647;
			files = (
				3B05AC03D2FD44A9ADA3FE79 /* "NotificationService.m" in Sources */,
			);
			runOnlyForDeploymentPostprocessing = 0;
		};
		C5FA5A31D85F402C945DAF87 /* Sources */ = {
			isa = PBXSourcesBuildPhase;
			buildActionMask = 2147483647;
			files = (
				3B05AC03D2FD44A9ADA3FE79 /* "NotificationService.m" in Sources */,
			);
			runOnlyForDeploymentPostprocessing = 0;
		};
		89999FC63B174BE5B23233C6 /* Sources */ = {
			isa = PBXSourcesBuildPhase;
			buildActionMask = 2147483647;
			files = (
				3B05AC03D2FD44A9ADA3FE79 /* "NotificationService.m" in Sources */,
			);
			runOnlyForDeploymentPostprocessing = 0;
		};
/* End PBXSourcesBuildPhase section */

/* Begin XCBuildConfiguration section */
		13B07F941A680F5B00A75B9A /* Debug */ = {
			isa = XCBuildConfiguration;
			baseConfigurationReference = 6C2E3173556A471DD304B334 /* Pods-Enovation.debug.xcconfig */;
			buildSettings = {
				ASSETCATALOG_COMPILER_APPICON_NAME = AppIcon;
				CLANG_ENABLE_MODULES = YES;
				CURRENT_PROJECT_VERSION = 1;
				ENABLE_BITCODE = NO;
				GCC_PREPROCESSOR_DEFINITIONS = (
					"$(inherited)",
					"FB_SONARKIT_ENABLED=1",
				);
				INFOPLIST_FILE = Enovation/Info.plist;
				IPHONEOS_DEPLOYMENT_TARGET = 13.0;
				LD_RUNPATH_SEARCH_PATHS = "$(inherited) @executable_path/Frameworks";
				OTHER_LDFLAGS = (
					"$(inherited)",
					"-ObjC",
					"-lc++",
				);
				PRODUCT_BUNDLE_IDENTIFIER = "bundlename";
				PRODUCT_NAME = "Enovation";
				SWIFT_OPTIMIZATION_LEVEL = "-Onone";
				SWIFT_VERSION = 5.0;
				VERSIONING_SYSTEM = "apple-generic";
				TARGETED_DEVICE_FAMILY = "1,2";
				CODE_SIGN_ENTITLEMENTS = Enovation/Enovation.entitlements;
			};
			name = Debug;
		};
		13B07F951A680F5B00A75B9A /* Release */ = {
			isa = XCBuildConfiguration;
			baseConfigurationReference = 7A4D352CD337FB3A3BF06240 /* Pods-Enovation.release.xcconfig */;
			buildSettings = {
				ASSETCATALOG_COMPILER_APPICON_NAME = AppIcon;
				CLANG_ENABLE_MODULES = YES;
				CURRENT_PROJECT_VERSION = 1;
				INFOPLIST_FILE = Enovation/Info.plist;
				IPHONEOS_DEPLOYMENT_TARGET = 13.0;
				LD_RUNPATH_SEARCH_PATHS = "$(inherited) @executable_path/Frameworks";
				OTHER_LDFLAGS = (
					"$(inherited)",
					"-ObjC",
					"-lc++",
				);
				PRODUCT_BUNDLE_IDENTIFIER = "bundlename";
				PRODUCT_NAME = "Enovation";
				SWIFT_VERSION = 5.0;
				VERSIONING_SYSTEM = "apple-generic";
				TARGETED_DEVICE_FAMILY = "1,2";
				CODE_SIGN_ENTITLEMENTS = Enovation/Enovation.entitlements;
			};
			name = Release;
		};
		83CBBA201A601CBA00E9B192 /* Debug */ = {
			isa = XCBuildConfiguration;
			buildSettings = {
				ALWAYS_SEARCH_USER_PATHS = NO;
				CLANG_ANALYZER_LOCALIZABILITY_NONLOCALIZED = YES;
				CLANG_CXX_LANGUAGE_STANDARD = "c++17";
				CLANG_CXX_LIBRARY = "libc++";
				CLANG_ENABLE_MODULES = YES;
				CLANG_ENABLE_OBJC_ARC = YES;
				CLANG_WARN_BLOCK_CAPTURE_AUTORELEASING = YES;
				CLANG_WARN_BOOL_CONVERSION = YES;
				CLANG_WARN_COMMA = YES;
				CLANG_WARN_CONSTANT_CONVERSION = YES;
				CLANG_WARN_DEPRECATED_OBJC_IMPLEMENTATIONS = YES;
				CLANG_WARN_DIRECT_OBJC_ISA_USAGE = YES_ERROR;
				CLANG_WARN_EMPTY_BODY = YES;
				CLANG_WARN_ENUM_CONVERSION = YES;
				CLANG_WARN_INFINITE_RECURSION = YES;
				CLANG_WARN_INT_CONVERSION = YES;
				CLANG_WARN_NON_LITERAL_NULL_CONVERSION = YES;
				CLANG_WARN_OBJC_IMPLICIT_RETAIN_SELF = YES;
				CLANG_WARN_OBJC_LITERAL_CONVERSION = YES;
				CLANG_WARN_OBJC_ROOT_CLASS = YES_ERROR;
				CLANG_WARN_RANGE_LOOP_ANALYSIS = YES;
				CLANG_WARN_STRICT_PROTOTYPES = YES;
				CLANG_WARN_SUSPICIOUS_MOVE = YES;
				CLANG_WARN_UNREACHABLE_CODE = YES;
				CLANG_WARN__DUPLICATE_METHOD_MATCH = YES;
				"CODE_SIGN_IDENTITY[sdk=iphoneos*]" = "iPhone Developer";
				COPY_PHASE_STRIP = NO;
				ENABLE_STRICT_OBJC_MSGSEND = YES;
				ENABLE_TESTABILITY = YES;
				GCC_C_LANGUAGE_STANDARD = gnu99;
				GCC_DYNAMIC_NO_PIC = NO;
				GCC_NO_COMMON_BLOCKS = YES;
				GCC_OPTIMIZATION_LEVEL = 0;
				GCC_PREPROCESSOR_DEFINITIONS = (
					"DEBUG=1",
					"$(inherited)",
				);
				GCC_SYMBOLS_PRIVATE_EXTERN = NO;
				GCC_WARN_64_TO_32_BIT_CONVERSION = YES;
				GCC_WARN_ABOUT_RETURN_TYPE = YES_ERROR;
				GCC_WARN_UNDECLARED_SELECTOR = YES;
				GCC_WARN_UNINITIALIZED_AUTOS = YES_AGGRESSIVE;
				GCC_WARN_UNUSED_FUNCTION = YES;
				GCC_WARN_UNUSED_VARIABLE = YES;
				IPHONEOS_DEPLOYMENT_TARGET = 13.0;
				LD_RUNPATH_SEARCH_PATHS = "/usr/lib/swift $(inherited)";
				LIBRARY_SEARCH_PATHS = "\"$(inherited)\"";
				MTL_ENABLE_DEBUG_INFO = YES;
				ONLY_ACTIVE_ARCH = YES;
				SDKROOT = iphoneos;
			};
			name = Debug;
		};
		83CBBA211A601CBA00E9B192 /* Release */ = {
			isa = XCBuildConfiguration;
			buildSettings = {
				ALWAYS_SEARCH_USER_PATHS = NO;
				CLANG_ANALYZER_LOCALIZABILITY_NONLOCALIZED = YES;
				CLANG_CXX_LANGUAGE_STANDARD = "c++17";
				CLANG_CXX_LIBRARY = "libc++";
				CLANG_ENABLE_MODULES = YES;
				CLANG_ENABLE_OBJC_ARC = YES;
				CLANG_WARN_BLOCK_CAPTURE_AUTORELEASING = YES;
				CLANG_WARN_BOOL_CONVERSION = YES;
				CLANG_WARN_COMMA = YES;
				CLANG_WARN_CONSTANT_CONVERSION = YES;
				CLANG_WARN_DEPRECATED_OBJC_IMPLEMENTATIONS = YES;
				CLANG_WARN_DIRECT_OBJC_ISA_USAGE = YES_ERROR;
				CLANG_WARN_EMPTY_BODY = YES;
				CLANG_WARN_ENUM_CONVERSION = YES;
				CLANG_WARN_INFINITE_RECURSION = YES;
				CLANG_WARN_INT_CONVERSION = YES;
				CLANG_WARN_NON_LITERAL_NULL_CONVERSION = YES;
				CLANG_WARN_OBJC_IMPLICIT_RETAIN_SELF = YES;
				CLANG_WARN_OBJC_LITERAL_CONVERSION = YES;
				CLANG_WARN_OBJC_ROOT_CLASS = YES_ERROR;
				CLANG_WARN_RANGE_LOOP_ANALYSIS = YES;
				CLANG_WARN_STRICT_PROTOTYPES = YES;
				CLANG_WARN_SUSPICIOUS_MOVE = YES;
				CLANG_WARN_UNREACHABLE_CODE = YES;
				CLANG_WARN__DUPLICATE_METHOD_MATCH = YES;
				"CODE_SIGN_IDENTITY[sdk=iphoneos*]" = "iPhone Developer";
				COPY_PHASE_STRIP = YES;
				ENABLE_NS_ASSERTIONS = NO;
				ENABLE_STRICT_OBJC_MSGSEND = YES;
				GCC_C_LANGUAGE_STANDARD = gnu99;
				GCC_NO_COMMON_BLOCKS = YES;
				GCC_WARN_64_TO_32_BIT_CONVERSION = YES;
				GCC_WARN_ABOUT_RETURN_TYPE = YES_ERROR;
				GCC_WARN_UNDECLARED_SELECTOR = YES;
				GCC_WARN_UNINITIALIZED_AUTOS = YES_AGGRESSIVE;
				GCC_WARN_UNUSED_FUNCTION = YES;
				GCC_WARN_UNUSED_VARIABLE = YES;
				IPHONEOS_DEPLOYMENT_TARGET = 13.0;
				LD_RUNPATH_SEARCH_PATHS = "/usr/lib/swift $(inherited)";
				LIBRARY_SEARCH_PATHS = "\"$(inherited)\"";
				MTL_ENABLE_DEBUG_INFO = NO;
				SDKROOT = iphoneos;
				VALIDATE_PRODUCT = YES;
			};
			name = Release;
		};
		91BD036F906F411AAC082868 /* Debug */ = {
			name = Debug;
			isa = XCBuildConfiguration;
			buildSettings = {
				GCC_PREPROCESSOR_DEFINITIONS = (
					"DEBUG=1",
					"$(inherited)",
				);
				INFOPLIST_FILE = "OneSignalNotificationServiceExtension/OneSignalNotificationServiceExtension-Info.plist";
				LD_RUNPATH_SEARCH_PATHS = "$(inherited) @executable_path/Frameworks @executable_path/../../Frameworks";
				PRODUCT_NAME = "OneSignalNotificationServiceExtension";
				SKIP_INSTALL = YES;
				PRODUCT_BUNDLE_IDENTIFIER = "bundlename.OneSignalNotificationServiceExtension";
				DEVELOPMENT_TEAM = undefined;
				IPHONEOS_DEPLOYMENT_TARGET = 11.0;
				TARGETED_DEVICE_FAMILY = "1,2";
				CODE_SIGN_ENTITLEMENTS = OneSignalNotificationServiceExtension/OneSignalNotificationServiceExtension.entitlements;
				CODE_SIGN_STYLE = Automatic;
			};
		};
		C113EA5022DA4D4AA27F0A88 /* Release */ = {
			name = Release;
			isa = XCBuildConfiguration;
			buildSettings = {
				INFOPLIST_FILE = "OneSignalNotificationServiceExtension/OneSignalNotificationServiceExtension-Info.plist";
				LD_RUNPATH_SEARCH_PATHS = "$(inherited) @executable_path/Frameworks @executable_path/../../Frameworks";
				PRODUCT_NAME = "OneSignalNotificationServiceExtension";
				SKIP_INSTALL = YES;
				PRODUCT_BUNDLE_IDENTIFIER = "bundlename.OneSignalNotificationServiceExtension";
				DEVELOPMENT_TEAM = undefined;
				IPHONEOS_DEPLOYMENT_TARGET = 11.0;
				TARGETED_DEVICE_FAMILY = "1,2";
				CODE_SIGN_ENTITLEMENTS = OneSignalNotificationServiceExtension/OneSignalNotificationServiceExtension.entitlements;
				CODE_SIGN_STYLE = Automatic;
			};
		};
		FDCEC2434FCC47319895A753 /* Debug */ = {
			name = Debug;
			isa = XCBuildConfiguration;
			buildSettings = {
				GCC_PREPROCESSOR_DEFINITIONS = (
					"DEBUG=1",
					"$(inherited)",
				);
				INFOPLIST_FILE = "OneSignalNotificationServiceExtension/OneSignalNotificationServiceExtension-Info.plist";
				LD_RUNPATH_SEARCH_PATHS = "$(inherited) @executable_path/Frameworks @executable_path/../../Frameworks";
				PRODUCT_NAME = "OneSignalNotificationServiceExtension";
				SKIP_INSTALL = YES;
				PRODUCT_BUNDLE_IDENTIFIER = "bundlename.OneSignalNotificationServiceExtension";
				DEVELOPMENT_TEAM = undefined;
				IPHONEOS_DEPLOYMENT_TARGET = 11.0;
				TARGETED_DEVICE_FAMILY = "1,2";
				CODE_SIGN_ENTITLEMENTS = OneSignalNotificationServiceExtension/OneSignalNotificationServiceExtension.entitlements;
				CODE_SIGN_STYLE = Automatic;
			};
		};
		3E012F5BB145450A856B6F6E /* Release */ = {
			name = Release;
			isa = XCBuildConfiguration;
			buildSettings = {
				INFOPLIST_FILE = "OneSignalNotificationServiceExtension/OneSignalNotificationServiceExtension-Info.plist";
				LD_RUNPATH_SEARCH_PATHS = "$(inherited) @executable_path/Frameworks @executable_path/../../Frameworks";
				PRODUCT_NAME = "OneSignalNotificationServiceExtension";
				SKIP_INSTALL = YES;
				PRODUCT_BUNDLE_IDENTIFIER = "bundlename.OneSignalNotificationServiceExtension";
				DEVELOPMENT_TEAM = undefined;
				IPHONEOS_DEPLOYMENT_TARGET = 11.0;
				TARGETED_DEVICE_FAMILY = "1,2";
				CODE_SIGN_ENTITLEMENTS = OneSignalNotificationServiceExtension/OneSignalNotificationServiceExtension.entitlements;
				CODE_SIGN_STYLE = Automatic;
			};
		};
		0FD36EA920254AB8A5158CB0 /* Debug */ = {
			name = Debug;
			isa = XCBuildConfiguration;
			buildSettings = {
				GCC_PREPROCESSOR_DEFINITIONS = (
					"DEBUG=1",
					"$(inherited)",
				);
				INFOPLIST_FILE = "OneSignalNotificationServiceExtension/OneSignalNotificationServiceExtension-Info.plist";
				LD_RUNPATH_SEARCH_PATHS = "$(inherited) @executable_path/Frameworks @executable_path/../../Frameworks";
				PRODUCT_NAME = "OneSignalNotificationServiceExtension";
				SKIP_INSTALL = YES;
				PRODUCT_BUNDLE_IDENTIFIER = "bundlename.OneSignalNotificationServiceExtension";
				DEVELOPMENT_TEAM = undefined;
				IPHONEOS_DEPLOYMENT_TARGET = 11.0;
				TARGETED_DEVICE_FAMILY = "1,2";
				CODE_SIGN_ENTITLEMENTS = OneSignalNotificationServiceExtension/OneSignalNotificationServiceExtension.entitlements;
				CODE_SIGN_STYLE = Automatic;
			};
		};
		F5AA53B603BD40ACB655A54B /* Release */ = {
			name = Release;
			isa = XCBuildConfiguration;
			buildSettings = {
				INFOPLIST_FILE = "OneSignalNotificationServiceExtension/OneSignalNotificationServiceExtension-Info.plist";
				LD_RUNPATH_SEARCH_PATHS = "$(inherited) @executable_path/Frameworks @executable_path/../../Frameworks";
				PRODUCT_NAME = "OneSignalNotificationServiceExtension";
				SKIP_INSTALL = YES;
				PRODUCT_BUNDLE_IDENTIFIER = "bundlename.OneSignalNotificationServiceExtension";
				DEVELOPMENT_TEAM = undefined;
				IPHONEOS_DEPLOYMENT_TARGET = 11.0;
				TARGETED_DEVICE_FAMILY = "1,2";
				CODE_SIGN_ENTITLEMENTS = OneSignalNotificationServiceExtension/OneSignalNotificationServiceExtension.entitlements;
				CODE_SIGN_STYLE = Automatic;
			};
		};
		82D1877E074E494B89F51AC7 /* Debug */ = {
			name = Debug;
			isa = XCBuildConfiguration;
			buildSettings = {
				GCC_PREPROCESSOR_DEFINITIONS = (
					"DEBUG=1",
					"$(inherited)",
				);
				INFOPLIST_FILE = "OneSignalNotificationServiceExtension/OneSignalNotificationServiceExtension-Info.plist";
				LD_RUNPATH_SEARCH_PATHS = "$(inherited) @executable_path/Frameworks @executable_path/../../Frameworks";
				PRODUCT_NAME = "OneSignalNotificationServiceExtension";
				SKIP_INSTALL = YES;
				PRODUCT_BUNDLE_IDENTIFIER = "bundlename.OneSignalNotificationServiceExtension";
				DEVELOPMENT_TEAM = undefined;
				IPHONEOS_DEPLOYMENT_TARGET = 11.0;
				TARGETED_DEVICE_FAMILY = "1,2";
				CODE_SIGN_ENTITLEMENTS = OneSignalNotificationServiceExtension/OneSignalNotificationServiceExtension.entitlements;
				CODE_SIGN_STYLE = Automatic;
			};
		};
		4E5C74A4F6D6414BB7239BB7 /* Release */ = {
			name = Release;
			isa = XCBuildConfiguration;
			buildSettings = {
				INFOPLIST_FILE = "OneSignalNotificationServiceExtension/OneSignalNotificationServiceExtension-Info.plist";
				LD_RUNPATH_SEARCH_PATHS = "$(inherited) @executable_path/Frameworks @executable_path/../../Frameworks";
				PRODUCT_NAME = "OneSignalNotificationServiceExtension";
				SKIP_INSTALL = YES;
				PRODUCT_BUNDLE_IDENTIFIER = "bundlename.OneSignalNotificationServiceExtension";
				DEVELOPMENT_TEAM = undefined;
				IPHONEOS_DEPLOYMENT_TARGET = 11.0;
				TARGETED_DEVICE_FAMILY = "1,2";
				CODE_SIGN_ENTITLEMENTS = OneSignalNotificationServiceExtension/OneSignalNotificationServiceExtension.entitlements;
				CODE_SIGN_STYLE = Automatic;
			};
		};
		3B8B59CE1E16411EB1DED909 /* Debug */ = {
			name = Debug;
			isa = XCBuildConfiguration;
			buildSettings = {
				GCC_PREPROCESSOR_DEFINITIONS = (
					"DEBUG=1",
					"$(inherited)",
				);
				INFOPLIST_FILE = "OneSignalNotificationServiceExtension/OneSignalNotificationServiceExtension-Info.plist";
				LD_RUNPATH_SEARCH_PATHS = "$(inherited) @executable_path/Frameworks @executable_path/../../Frameworks";
				PRODUCT_NAME = "OneSignalNotificationServiceExtension";
				SKIP_INSTALL = YES;
				PRODUCT_BUNDLE_IDENTIFIER = "bundlename.OneSignalNotificationServiceExtension";
				DEVELOPMENT_TEAM = undefined;
				IPHONEOS_DEPLOYMENT_TARGET = 11.0;
				TARGETED_DEVICE_FAMILY = "1,2";
				CODE_SIGN_ENTITLEMENTS = OneSignalNotificationServiceExtension/OneSignalNotificationServiceExtension.entitlements;
				CODE_SIGN_STYLE = Automatic;
			};
		};
		2AFC0C54279F4A3EAAE197AF /* Release */ = {
			name = Release;
			isa = XCBuildConfiguration;
			buildSettings = {
				INFOPLIST_FILE = "OneSignalNotificationServiceExtension/OneSignalNotificationServiceExtension-Info.plist";
				LD_RUNPATH_SEARCH_PATHS = "$(inherited) @executable_path/Frameworks @executable_path/../../Frameworks";
				PRODUCT_NAME = "OneSignalNotificationServiceExtension";
				SKIP_INSTALL = YES;
				PRODUCT_BUNDLE_IDENTIFIER = "bundlename.OneSignalNotificationServiceExtension";
				DEVELOPMENT_TEAM = undefined;
				IPHONEOS_DEPLOYMENT_TARGET = 11.0;
				TARGETED_DEVICE_FAMILY = "1,2";
				CODE_SIGN_ENTITLEMENTS = OneSignalNotificationServiceExtension/OneSignalNotificationServiceExtension.entitlements;
				CODE_SIGN_STYLE = Automatic;
			};
		};
/* End XCBuildConfiguration section */

/* Begin XCConfigurationList section */
		13B07F931A680F5B00A75B9A /* Build configuration list for PBXNativeTarget "Enovation" */ = {
			isa = XCConfigurationList;
			buildConfigurations = (
				13B07F941A680F5B00A75B9A /* Debug */,
				13B07F951A680F5B00A75B9A /* Release */,
			);
			defaultConfigurationIsVisible = 0;
			defaultConfigurationName = Release;
		};
		83CBB9FA1A601CBA00E9B192 /* Build configuration list for PBXProject "Enovation" */ = {
			isa = XCConfigurationList;
			buildConfigurations = (
				83CBBA201A601CBA00E9B192 /* Debug */,
				83CBBA211A601CBA00E9B192 /* Release */,
			);
			defaultConfigurationIsVisible = 0;
			defaultConfigurationName = Release;
		};
		4F817CBACC5F490FBAB69746 /* Build configuration list for PBXNativeTarget "OneSignalNotificationServiceExtension" */ = {
			isa = XCConfigurationList;
			buildConfigurations = (
				91BD036F906F411AAC082868 /* Debug */,
				C113EA5022DA4D4AA27F0A88 /* Release */,
			);
			defaultConfigurationIsVisible = 0;
			defaultConfigurationName = Release;
		};
		D1D5AB3FF0C24EEFB6759A7F /* Build configuration list for PBXNativeTarget "OneSignalNotificationServiceExtension" */ = {
			isa = XCConfigurationList;
			buildConfigurations = (
				FDCEC2434FCC47319895A753 /* Debug */,
				3E012F5BB145450A856B6F6E /* Release */,
			);
			defaultConfigurationIsVisible = 0;
			defaultConfigurationName = Release;
		};
		745F30326542413598090BCB /* Build configuration list for PBXNativeTarget "OneSignalNotificationServiceExtension" */ = {
			isa = XCConfigurationList;
			buildConfigurations = (
				0FD36EA920254AB8A5158CB0 /* Debug */,
				F5AA53B603BD40ACB655A54B /* Release */,
			);
			defaultConfigurationIsVisible = 0;
			defaultConfigurationName = Release;
		};
		0B5A2DE68F1A4069A6265F52 /* Build configuration list for PBXNativeTarget "OneSignalNotificationServiceExtension" */ = {
			isa = XCConfigurationList;
			buildConfigurations = (
				82D1877E074E494B89F51AC7 /* Debug */,
				4E5C74A4F6D6414BB7239BB7 /* Release */,
			);
			defaultConfigurationIsVisible = 0;
			defaultConfigurationName = Release;
		};
		42EE48E4A2BD4A42AB78F096 /* Build configuration list for PBXNativeTarget "OneSignalNotificationServiceExtension" */ = {
			isa = XCConfigurationList;
			buildConfigurations = (
				3B8B59CE1E16411EB1DED909 /* Debug */,
				2AFC0C54279F4A3EAAE197AF /* Release */,
			);
			defaultConfigurationIsVisible = 0;
			defaultConfigurationName = Release;
		};
/* End XCConfigurationList section */

/* Begin PBXTargetDependency section */
		50E8F30F264A413C97D64041 /* PBXContainerItemProxy */ = {
			isa = PBXContainerItemProxy;
			containerPortal = 83CBB9F71A601CBA00E9B192 /* Project object */;
			proxyType = 1;
			remoteGlobalIDString = E998817EDCE5487BBF82B6E1;
			remoteInfo = "OneSignalNotificationServiceExtension";
		};
		0B5E70F642674F24BF4F881D /* PBXTargetDependency */ = {
			isa = PBXTargetDependency;
			target = E998817EDCE5487BBF82B6E1 /* "OneSignalNotificationServiceExtension" */;
			targetProxy = 50E8F30F264A413C97D64041 /* PBXContainerItemProxy */;
		};
		9272B7EDB4E64595A34A171E /* PBXContainerItemProxy */ = {
			isa = PBXContainerItemProxy;
			containerPortal = 83CBB9F71A601CBA00E9B192 /* Project object */;
			proxyType = 1;
			remoteGlobalIDString = F62EA708DB734AA8ABA024CD;
			remoteInfo = "OneSignalNotificationServiceExtension";
		};
		DA754F0BBBFB4149B7FDBAB9 /* PBXTargetDependency */ = {
			isa = PBXTargetDependency;
			target = F62EA708DB734AA8ABA024CD /* "OneSignalNotificationServiceExtension" */;
			targetProxy = 9272B7EDB4E64595A34A171E /* PBXContainerItemProxy */;
		};
		8220D2EE82FE41D7B14D6B81 /* PBXContainerItemProxy */ = {
			isa = PBXContainerItemProxy;
			containerPortal = 83CBB9F71A601CBA00E9B192 /* Project object */;
			proxyType = 1;
			remoteGlobalIDString = 0BF41E63F4804F528C106B40;
			remoteInfo = "OneSignalNotificationServiceExtension";
		};
		FD66AD23309F4BEAABEE5A05 /* PBXTargetDependency */ = {
			isa = PBXTargetDependency;
			target = 0BF41E63F4804F528C106B40 /* "OneSignalNotificationServiceExtension" */;
			targetProxy = 8220D2EE82FE41D7B14D6B81 /* PBXContainerItemProxy */;
		};
		98C38D3D3A6F4E97BE634F3F /* PBXContainerItemProxy */ = {
			isa = PBXContainerItemProxy;
			containerPortal = 83CBB9F71A601CBA00E9B192 /* Project object */;
			proxyType = 1;
			remoteGlobalIDString = 84752DB8781A4CA49B0091F4;
			remoteInfo = "OneSignalNotificationServiceExtension";
		};
		E3EB971DD80A46ED8EEA315C /* PBXTargetDependency */ = {
			isa = PBXTargetDependency;
			target = 84752DB8781A4CA49B0091F4 /* "OneSignalNotificationServiceExtension" */;
			targetProxy = 98C38D3D3A6F4E97BE634F3F /* PBXContainerItemProxy */;
		};
		BA1A54F4F80B485FB17F85D7 /* PBXContainerItemProxy */ = {
			isa = PBXContainerItemProxy;
			containerPortal = 83CBB9F71A601CBA00E9B192 /* Project object */;
			proxyType = 1;
			remoteGlobalIDString = 9DAF3B73A08C40D799C6398C;
			remoteInfo = "OneSignalNotificationServiceExtension";
		};
		2599F2C53B864518A59D9CF2 /* PBXTargetDependency */ = {
			isa = PBXTargetDependency;
			target = 9DAF3B73A08C40D799C6398C /* "OneSignalNotificationServiceExtension" */;
			targetProxy = BA1A54F4F80B485FB17F85D7 /* PBXContainerItemProxy */;
		};
/* End PBXTargetDependency section */

/* Begin PBXContainerItemProxy section */
		50E8F30F264A413C97D64041 /* PBXContainerItemProxy */ = {
			isa = PBXContainerItemProxy;
			containerPortal = 83CBB9F71A601CBA00E9B192 /* Project object */;
			proxyType = 1;
			remoteGlobalIDString = E998817EDCE5487BBF82B6E1;
			remoteInfo = "OneSignalNotificationServiceExtension";
		};
		0B5E70F642674F24BF4F881D /* PBXTargetDependency */ = {
			isa = PBXTargetDependency;
			target = E998817EDCE5487BBF82B6E1 /* "OneSignalNotificationServiceExtension" */;
			targetProxy = 50E8F30F264A413C97D64041 /* PBXContainerItemProxy */;
		};
		9272B7EDB4E64595A34A171E /* PBXContainerItemProxy */ = {
			isa = PBXContainerItemProxy;
			containerPortal = 83CBB9F71A601CBA00E9B192 /* Project object */;
			proxyType = 1;
			remoteGlobalIDString = F62EA708DB734AA8ABA024CD;
			remoteInfo = "OneSignalNotificationServiceExtension";
		};
		DA754F0BBBFB4149B7FDBAB9 /* PBXTargetDependency */ = {
			isa = PBXTargetDependency;
			target = F62EA708DB734AA8ABA024CD /* "OneSignalNotificationServiceExtension" */;
			targetProxy = 9272B7EDB4E64595A34A171E /* PBXContainerItemProxy */;
		};
		8220D2EE82FE41D7B14D6B81 /* PBXContainerItemProxy */ = {
			isa = PBXContainerItemProxy;
			containerPortal = 83CBB9F71A601CBA00E9B192 /* Project object */;
			proxyType = 1;
			remoteGlobalIDString = 0BF41E63F4804F528C106B40;
			remoteInfo = "OneSignalNotificationServiceExtension";
		};
		FD66AD23309F4BEAABEE5A05 /* PBXTargetDependency */ = {
			isa = PBXTargetDependency;
			target = 0BF41E63F4804F528C106B40 /* "OneSignalNotificationServiceExtension" */;
			targetProxy = 8220D2EE82FE41D7B14D6B81 /* PBXContainerItemProxy */;
		};
		98C38D3D3A6F4E97BE634F3F /* PBXContainerItemProxy */ = {
			isa = PBXContainerItemProxy;
			containerPortal = 83CBB9F71A601CBA00E9B192 /* Project object */;
			proxyType = 1;
			remoteGlobalIDString = 84752DB8781A4CA49B0091F4;
			remoteInfo = "OneSignalNotificationServiceExtension";
		};
		E3EB971DD80A46ED8EEA315C /* PBXTargetDependency */ = {
			isa = PBXTargetDependency;
			target = 84752DB8781A4CA49B0091F4 /* "OneSignalNotificationServiceExtension" */;
			targetProxy = 98C38D3D3A6F4E97BE634F3F /* PBXContainerItemProxy */;
		};
		BA1A54F4F80B485FB17F85D7 /* PBXContainerItemProxy */ = {
			isa = PBXContainerItemProxy;
			containerPortal = 83CBB9F71A601CBA00E9B192 /* Project object */;
			proxyType = 1;
			remoteGlobalIDString = 9DAF3B73A08C40D799C6398C;
			remoteInfo = "OneSignalNotificationServiceExtension";
		};
		2599F2C53B864518A59D9CF2 /* PBXTargetDependency */ = {
			isa = PBXTargetDependency;
			target = 9DAF3B73A08C40D799C6398C /* "OneSignalNotificationServiceExtension" */;
			targetProxy = BA1A54F4F80B485FB17F85D7 /* PBXContainerItemProxy */;
		};
/* End PBXContainerItemProxy section */

/* Begin PBXCopyFilesBuildPhase section */
		81505332CA8C44A39D9DB5D6 /* Copy Files */ = {
			isa = PBXCopyFilesBuildPhase;
			buildActionMask = 2147483647;
			files = (
				2280236A7E3046BFBB19D554 /* OneSignalNotificationServiceExtension.appex in Copy Files */,
				524DD5F9274E4058883F6E51 /* OneSignalNotificationServiceExtension.appex in Copy Files */,
				344F095DD9B94CFB8C01C979 /* OneSignalNotificationServiceExtension.appex in Copy Files */,
				A60862E3D9E843D69C5B9A08 /* OneSignalNotificationServiceExtension.appex in Copy Files */,
				DE6F7D249E89457BB7F8D243 /* OneSignalNotificationServiceExtension.appex in Copy Files */,
			);
			runOnlyForDeploymentPostprocessing = 0;
			name = "Copy Files";
			dstPath = "";
			dstSubfolderSpec = 13;
		};
		59455C5492374297806E368B /* Copy Files */ = {
			isa = PBXCopyFilesBuildPhase;
			buildActionMask = 2147483647;
			files = (
			);
			runOnlyForDeploymentPostprocessing = 0;
			name = "Copy Files";
			dstPath = "";
			dstSubfolderSpec = 13;
		};
		E58A0D66E8C94A0CBBAC4883 /* Copy Files */ = {
			isa = PBXCopyFilesBuildPhase;
			buildActionMask = 2147483647;
			files = (
			);
			runOnlyForDeploymentPostprocessing = 0;
			name = "Copy Files";
			dstPath = "";
			dstSubfolderSpec = 13;
		};
		145D8D0867664FBAA3A5505D /* Copy Files */ = {
			isa = PBXCopyFilesBuildPhase;
			buildActionMask = 2147483647;
			files = (
			);
			runOnlyForDeploymentPostprocessing = 0;
			name = "Copy Files";
			dstPath = "";
			dstSubfolderSpec = 13;
		};
		E5C414CCBA8A419CA3933276 /* Copy Files */ = {
			isa = PBXCopyFilesBuildPhase;
			buildActionMask = 2147483647;
			files = (
			);
			runOnlyForDeploymentPostprocessing = 0;
			name = "Copy Files";
			dstPath = "";
			dstSubfolderSpec = 13;
		};
/* End PBXCopyFilesBuildPhase section */
	};
	rootObject = 83CBB9F71A601CBA00E9B192 /* Project object */;
}
